PODS:
  - DDLogger (1.2.6):
    - ICTextView (~> 2.0.1)
  - ICTextView (2.0.1)
  - PureLayout (3.0.2)
  - UIView+HHFrame (1.0.0)

DEPENDENCIES:
  - DDLogger (~> 1.2.6)
  - PureLayout (~> 3.0.2)
  - UIView+HHFrame (~> 1.0.0)

SPEC CHECKSUMS:
  DDLogger: 5b853c4c1c28c4f262f3d65f282187fd47bf5113
  ICTextView: 937aca5dd49e39e9cca41ababe8c55bf99c634fc
  PureLayout: 4d550abe49a94f24c2808b9b95db9131685fe4cd
  UIView+HHFrame: 93022a0690d2d7482b917e8285f274e68fb37823

PODFILE CHECKSUM: 94a64dab768a11fb2757e941e54427bef6cfb0af

COCOAPODS: 1.2.0
