// !$*UTF8*$!
{
	archiveVersion = 1;
	classes = {
	};
	objectVersion = 46;
	objects = {

/* Begin PBXBuildFile section */
		9016C7951E8A53D600B19056 /* NetworkAPI.m in Sources */ = {isa = PBXBuildFile; fileRef = 9016C7741E8A53D600B19056 /* NetworkAPI.m */; };
		9016C7961E8A53D600B19056 /* NetworkManager.m in Sources */ = {isa = PBXBuildFile; fileRef = 9016C7771E8A53D600B19056 /* NetworkManager.m */; };
		9016C7971E8A53D600B19056 /* Reachability.m in Sources */ = {isa = PBXBuildFile; fileRef = 9016C77A1E8A53D600B19056 /* Reachability.m */; };
		9016C7981E8A53D600B19056 /* GCDAsyncSocket.m in Sources */ = {isa = PBXBuildFile; fileRef = 9016C77D1E8A53D600B19056 /* GCDAsyncSocket.m */; };
		9016C7991E8A53D600B19056 /* GCDAsyncUdpSocket.m in Sources */ = {isa = PBXBuildFile; fileRef = 9016C77F1E8A53D600B19056 /* GCDAsyncUdpSocket.m */; };
		9016C79A1E8A53D600B19056 /* SRWebSocket.m in Sources */ = {isa = PBXBuildFile; fileRef = 9016C7831E8A53D600B19056 /* SRWebSocket.m */; };
		9016C7A01E8A583500B19056 /* libicucore.tbd in Frameworks */ = {isa = PBXBuildFile; fileRef = 9016C79F1E8A583500B19056 /* libicucore.tbd */; };
		9016C7AD1E8C938C00B19056 /* BaseNavigationController.m in Sources */ = {isa = PBXBuildFile; fileRef = 9016C7AC1E8C938C00B19056 /* BaseNavigationController.m */; };
		9016C7B01E8C948A00B19056 /* TabBarController.m in Sources */ = {isa = PBXBuildFile; fileRef = 9016C7AF1E8C948A00B19056 /* TabBarController.m */; };
		901780DE1E82626600D6E8A1 /* main.m in Sources */ = {isa = PBXBuildFile; fileRef = 901780DD1E82626600D6E8A1 /* main.m */; };
		901780E11E82626600D6E8A1 /* AppDelegate.m in Sources */ = {isa = PBXBuildFile; fileRef = 901780E01E82626600D6E8A1 /* AppDelegate.m */; };
		901780EA1E82626600D6E8A1 /* CXProject.xcdatamodeld in Sources */ = {isa = PBXBuildFile; fileRef = 901780E81E82626600D6E8A1 /* CXProject.xcdatamodeld */; };
		901780EC1E82626600D6E8A1 /* Assets.xcassets in Resources */ = {isa = PBXBuildFile; fileRef = 901780EB1E82626600D6E8A1 /* Assets.xcassets */; };
		901780FA1E82626600D6E8A1 /* CXProjectTests.m in Sources */ = {isa = PBXBuildFile; fileRef = 901780F91E82626600D6E8A1 /* CXProjectTests.m */; };
		901781051E82626600D6E8A1 /* CXProjectUITests.m in Sources */ = {isa = PBXBuildFile; fileRef = 901781041E82626600D6E8A1 /* CXProjectUITests.m */; };
		901781401E8275C700D6E8A1 /* CountViewController.m in Sources */ = {isa = PBXBuildFile; fileRef = 9017813F1E8275C700D6E8A1 /* CountViewController.m */; };
		901781411E8275C700D6E8A1 /* CountViewController.m in Sources */ = {isa = PBXBuildFile; fileRef = 9017813F1E8275C700D6E8A1 /* CountViewController.m */; };
		9017814B1E8275E000D6E8A1 /* MineViewController.m in Sources */ = {isa = PBXBuildFile; fileRef = 901781461E8275E000D6E8A1 /* MineViewController.m */; };
		9017814C1E8275E000D6E8A1 /* MineViewController.m in Sources */ = {isa = PBXBuildFile; fileRef = 901781461E8275E000D6E8A1 /* MineViewController.m */; };
		901781581E8275FD00D6E8A1 /* MainViewController.m in Sources */ = {isa = PBXBuildFile; fileRef = 901781511E8275FD00D6E8A1 /* MainViewController.m */; };
		901781591E8275FD00D6E8A1 /* MainViewController.m in Sources */ = {isa = PBXBuildFile; fileRef = 901781511E8275FD00D6E8A1 /* MainViewController.m */; };
		9017815F1E8276C600D6E8A1 /* CountCell.m in Sources */ = {isa = PBXBuildFile; fileRef = 9017815D1E8276C600D6E8A1 /* CountCell.m */; };
		901781601E8276C600D6E8A1 /* CountCell.m in Sources */ = {isa = PBXBuildFile; fileRef = 9017815D1E8276C600D6E8A1 /* CountCell.m */; };
		901781611E8276C600D6E8A1 /* CountCell.xib in Resources */ = {isa = PBXBuildFile; fileRef = 9017815E1E8276C600D6E8A1 /* CountCell.xib */; };
		901781621E8276C600D6E8A1 /* CountCell.xib in Resources */ = {isa = PBXBuildFile; fileRef = 9017815E1E8276C600D6E8A1 /* CountCell.xib */; };
		9028C9391EA4B8CB003DA545 /* CXDataBaseUtil.m in Sources */ = {isa = PBXBuildFile; fileRef = 9028C9341EA4B8CB003DA545 /* CXDataBaseUtil.m */; };
		9028C93D1EA4BC6A003DA545 /* measure.sqlite in Resources */ = {isa = PBXBuildFile; fileRef = 9028C93C1EA4BC6A003DA545 /* measure.sqlite */; };
		9028C9401EA4BF47003DA545 /* MeasureResult.m in Sources */ = {isa = PBXBuildFile; fileRef = 9028C93F1EA4BF47003DA545 /* MeasureResult.m */; };
		9028C9431EA4BFE0003DA545 /* MeasureResult+Addtion.m in Sources */ = {isa = PBXBuildFile; fileRef = 9028C9421EA4BFE0003DA545 /* MeasureResult+Addtion.m */; };
		9028C9491EA75064003DA545 /* CountUtil.c in Sources */ = {isa = PBXBuildFile; fileRef = 9028C9471EA75064003DA545 /* CountUtil.c */; };
		9028C94C1EA750B4003DA545 /* BridgeUtil.m in Sources */ = {isa = PBXBuildFile; fileRef = 9028C94B1EA750B4003DA545 /* BridgeUtil.m */; };
		9028C94E1EA75566003DA545 /* MeasureMethodExplain in Resources */ = {isa = PBXBuildFile; fileRef = 9028C94D1EA75566003DA545 /* MeasureMethodExplain */; };
		904340081E88AA9000D33ED9 /* CountViewController.xib in Resources */ = {isa = PBXBuildFile; fileRef = 904340071E88AA9000D33ED9 /* CountViewController.xib */; };
		904340151E89FAA400D33ED9 /* LoginViewController.m in Sources */ = {isa = PBXBuildFile; fileRef = 904340131E89FAA400D33ED9 /* LoginViewController.m */; };
		904340161E89FAA400D33ED9 /* LoginViewController.xib in Resources */ = {isa = PBXBuildFile; fileRef = 904340141E89FAA400D33ED9 /* LoginViewController.xib */; };
		9043401A1E8A019C00D33ED9 /* User.m in Sources */ = {isa = PBXBuildFile; fileRef = 904340191E8A019C00D33ED9 /* User.m */; };
		908BFE261E95E2DC00937372 /* NewProjectViewController.m in Sources */ = {isa = PBXBuildFile; fileRef = 908BFE251E95E2DC00937372 /* NewProjectViewController.m */; };
		908BFE2A1E95E9AB00937372 /* InputCell.m in Sources */ = {isa = PBXBuildFile; fileRef = 908BFE281E95E9AB00937372 /* InputCell.m */; };
		908BFE2B1E95E9AB00937372 /* InputCell.xib in Resources */ = {isa = PBXBuildFile; fileRef = 908BFE291E95E9AB00937372 /* InputCell.xib */; };
		908BFE371E96054E00937372 /* MHKeyboard+AccessObject.m in Sources */ = {isa = PBXBuildFile; fileRef = 908BFE2E1E96054E00937372 /* MHKeyboard+AccessObject.m */; };
		908BFE381E96054E00937372 /* MHKeyboard+Animation.m in Sources */ = {isa = PBXBuildFile; fileRef = 908BFE301E96054E00937372 /* MHKeyboard+Animation.m */; };
		908BFE391E96054E00937372 /* MHKeyboard.m in Sources */ = {isa = PBXBuildFile; fileRef = 908BFE321E96054E00937372 /* MHKeyboard.m */; };
		908BFE3A1E96054E00937372 /* MHKeyboardObjects.m in Sources */ = {isa = PBXBuildFile; fileRef = 908BFE341E96054E00937372 /* MHKeyboardObjects.m */; };
		908BFE3B1E96054E00937372 /* UIView+MHKeyboardFirstResponderNotify.m in Sources */ = {isa = PBXBuildFile; fileRef = 908BFE361E96054E00937372 /* UIView+MHKeyboardFirstResponderNotify.m */; };
		908BFE421E96269600937372 /* UIMyDatePicker.m in Sources */ = {isa = PBXBuildFile; fileRef = 908BFE401E96269500937372 /* UIMyDatePicker.m */; };
		908BFE461E97264600937372 /* InputCell2.m in Sources */ = {isa = PBXBuildFile; fileRef = 908BFE441E97264600937372 /* InputCell2.m */; };
		908BFE471E97264600937372 /* InputCell2.xib in Resources */ = {isa = PBXBuildFile; fileRef = 908BFE451E97264600937372 /* InputCell2.xib */; };
		908BFE4B1E97265400937372 /* InputCell3.m in Sources */ = {isa = PBXBuildFile; fileRef = 908BFE491E97265400937372 /* InputCell3.m */; };
		908BFE4C1E97265400937372 /* InputCell3.xib in Resources */ = {isa = PBXBuildFile; fileRef = 908BFE4A1E97265400937372 /* InputCell3.xib */; };
		908C823A1E9B28060086EDCD /* ProjectViewController.m in Sources */ = {isa = PBXBuildFile; fileRef = 908C82381E9B28060086EDCD /* ProjectViewController.m */; };
		908C823B1E9B28060086EDCD /* ProjectViewController.xib in Resources */ = {isa = PBXBuildFile; fileRef = 908C82391E9B28060086EDCD /* ProjectViewController.xib */; };
		908C823F1E9B31720086EDCD /* InputCell4.m in Sources */ = {isa = PBXBuildFile; fileRef = 908C823D1E9B31720086EDCD /* InputCell4.m */; };
		908C82401E9B31720086EDCD /* InputCell4.xib in Resources */ = {isa = PBXBuildFile; fileRef = 908C823E1E9B31720086EDCD /* InputCell4.xib */; };
		908C82471E9B4DEE0086EDCD /* MeasureViewController.m in Sources */ = {isa = PBXBuildFile; fileRef = 908C82451E9B4DEE0086EDCD /* MeasureViewController.m */; };
		908C82481E9B4DEE0086EDCD /* MeasureViewController.xib in Resources */ = {isa = PBXBuildFile; fileRef = 908C82461E9B4DEE0086EDCD /* MeasureViewController.xib */; };
		908C824F1E9B73B90086EDCD /* DetailMeasureViewController.m in Sources */ = {isa = PBXBuildFile; fileRef = 908C824D1E9B73B90086EDCD /* DetailMeasureViewController.m */; };
		908C82501E9B73B90086EDCD /* DetailMeasureViewController.xib in Resources */ = {isa = PBXBuildFile; fileRef = 908C824E1E9B73B90086EDCD /* DetailMeasureViewController.xib */; };
		908C82541E9B784E0086EDCD /* LabelCell.m in Sources */ = {isa = PBXBuildFile; fileRef = 908C82521E9B784E0086EDCD /* LabelCell.m */; };
		908C82551E9B784E0086EDCD /* LabelCell.xib in Resources */ = {isa = PBXBuildFile; fileRef = 908C82531E9B784E0086EDCD /* LabelCell.xib */; };
		908C82571E9B7D500086EDCD /* Measure.geojson in Resources */ = {isa = PBXBuildFile; fileRef = 908C82561E9B7D500086EDCD /* Measure.geojson */; };
		908C82631E9F0CAB0086EDCD /* InputView.m in Sources */ = {isa = PBXBuildFile; fileRef = 908C82621E9F0CAB0086EDCD /* InputView.m */; };
		908C826B1EA0A5080086EDCD /* Data.m in Sources */ = {isa = PBXBuildFile; fileRef = 908C82661EA0A5080086EDCD /* Data.m */; };
		908C826C1EA0A5080086EDCD /* DataProvider.m in Sources */ = {isa = PBXBuildFile; fileRef = 908C82681EA0A5080086EDCD /* DataProvider.m */; };
		908C826D1EA0A5080086EDCD /* Event.m in Sources */ = {isa = PBXBuildFile; fileRef = 908C826A1EA0A5080086EDCD /* Event.m */; };
		908D03771E835EB600F0C0C1 /* BaseViewController.m in Sources */ = {isa = PBXBuildFile; fileRef = 908D03761E835EB600F0C0C1 /* BaseViewController.m */; };
		908D037B1E83987300F0C0C1 /* TopBarView.m in Sources */ = {isa = PBXBuildFile; fileRef = 908D037A1E83987300F0C0C1 /* TopBarView.m */; };
		90CB98681E8F7204000FB2BC /* PhotoEditorViewController.m in Sources */ = {isa = PBXBuildFile; fileRef = 90CB98671E8F7204000FB2BC /* PhotoEditorViewController.m */; };
		90CB986A1E8F7527000FB2BC /* Photos.framework in Frameworks */ = {isa = PBXBuildFile; fileRef = 90CB98691E8F7527000FB2BC /* Photos.framework */; };
		90CB98761E8F7F55000FB2BC /* LSDrawView.m in Sources */ = {isa = PBXBuildFile; fileRef = 90CB986D1E8F7F55000FB2BC /* LSDrawView.m */; };
		90CB98771E8F7F55000FB2BC /* LJBaseModel.m in Sources */ = {isa = PBXBuildFile; fileRef = 90CB98701E8F7F55000FB2BC /* LJBaseModel.m */; };
		90CB98781E8F7F55000FB2BC /* NSObject+YYModel.m in Sources */ = {isa = PBXBuildFile; fileRef = 90CB98721E8F7F55000FB2BC /* NSObject+YYModel.m */; };
		90CB98791E8F7F55000FB2BC /* YYClassInfo.m in Sources */ = {isa = PBXBuildFile; fileRef = 90CB98741E8F7F55000FB2BC /* YYClassInfo.m */; };
		90CB987B1E8F8A19000FB2BC /* PhotoEditorViewController.xib in Resources */ = {isa = PBXBuildFile; fileRef = 90CB987A1E8F8A19000FB2BC /* PhotoEditorViewController.xib */; };
		90CB98921E8F9CA4000FB2BC /* PhotoViewController.m in Sources */ = {isa = PBXBuildFile; fileRef = 90CB98891E8F9CA4000FB2BC /* PhotoViewController.m */; };
		90CB98941E8F9CA4000FB2BC /* ProjecListtViewController.xib in Resources */ = {isa = PBXBuildFile; fileRef = 90CB988C1E8F9CA4000FB2BC /* ProjecListtViewController.xib */; };
		90CB98951E8F9CA4000FB2BC /* PhotoViewController.xib in Resources */ = {isa = PBXBuildFile; fileRef = 90CB988D1E8F9CA4000FB2BC /* PhotoViewController.xib */; };
		90CB98971E8F9CA4000FB2BC /* ProjecListtViewController.m in Sources */ = {isa = PBXBuildFile; fileRef = 90CB988F1E8F9CA4000FB2BC /* ProjecListtViewController.m */; };
		90CB989B1E8F9D61000FB2BC /* AddProjectCell.m in Sources */ = {isa = PBXBuildFile; fileRef = 90CB98991E8F9D61000FB2BC /* AddProjectCell.m */; };
		90CB989C1E8F9D61000FB2BC /* AddProjectCell.xib in Resources */ = {isa = PBXBuildFile; fileRef = 90CB989A1E8F9D61000FB2BC /* AddProjectCell.xib */; };
		90CB98A21E8FA18C000FB2BC /* Project.m in Sources */ = {isa = PBXBuildFile; fileRef = 90CB98A11E8FA18C000FB2BC /* Project.m */; };
		90CB98A61E8FA63D000FB2BC /* ProjectCell.m in Sources */ = {isa = PBXBuildFile; fileRef = 90CB98A41E8FA63D000FB2BC /* ProjectCell.m */; };
		90CB98A71E8FA63D000FB2BC /* ProjectCell.xib in Resources */ = {isa = PBXBuildFile; fileRef = 90CB98A51E8FA63D000FB2BC /* ProjectCell.xib */; };
		90D4DF501E83C54A000A1918 /* DataModel.m in Sources */ = {isa = PBXBuildFile; fileRef = 90D4DF4F1E83C54A000A1918 /* DataModel.m */; };
		90D4DF531E83C839000A1918 /* ResultViewController.m in Sources */ = {isa = PBXBuildFile; fileRef = 90D4DF521E83C839000A1918 /* ResultViewController.m */; };
		92D2DC898484AA0B8E6EA2BD /* Pods_CXProject.framework in Frameworks */ = {isa = PBXBuildFile; fileRef = B09939730C48F88524F34BB6 /* Pods_CXProject.framework */; };
/* End PBXBuildFile section */

/* Begin PBXContainerItemProxy section */
		901780F61E82626600D6E8A1 /* PBXContainerItemProxy */ = {
			isa = PBXContainerItemProxy;
			containerPortal = 901780D11E82626600D6E8A1 /* Project object */;
			proxyType = 1;
			remoteGlobalIDString = 901780D81E82626600D6E8A1;
			remoteInfo = CXProject;
		};
		901781011E82626600D6E8A1 /* PBXContainerItemProxy */ = {
			isa = PBXContainerItemProxy;
			containerPortal = 901780D11E82626600D6E8A1 /* Project object */;
			proxyType = 1;
			remoteGlobalIDString = 901780D81E82626600D6E8A1;
			remoteInfo = CXProject;
		};
/* End PBXContainerItemProxy section */

/* Begin PBXFileReference section */
		18E32DCD72DC853A516D37CD /* Pods-CXProject.release.xcconfig */ = {isa = PBXFileReference; includeInIndex = 1; lastKnownFileType = text.xcconfig; name = "Pods-CXProject.release.xcconfig"; path = "Pods/Target Support Files/Pods-CXProject/Pods-CXProject.release.xcconfig"; sourceTree = "<group>"; };
		9016C7731E8A53D600B19056 /* NetworkAPI.h */ = {isa = PBXFileReference; fileEncoding = 4; lastKnownFileType = sourcecode.c.h; path = NetworkAPI.h; sourceTree = "<group>"; };
		9016C7741E8A53D600B19056 /* NetworkAPI.m */ = {isa = PBXFileReference; fileEncoding = 4; lastKnownFileType = sourcecode.c.objc; path = NetworkAPI.m; sourceTree = "<group>"; };
		9016C7751E8A53D600B19056 /* NetworkDefine.h */ = {isa = PBXFileReference; fileEncoding = 4; lastKnownFileType = sourcecode.c.h; path = NetworkDefine.h; sourceTree = "<group>"; };
		9016C7761E8A53D600B19056 /* NetworkManager.h */ = {isa = PBXFileReference; fileEncoding = 4; lastKnownFileType = sourcecode.c.h; path = NetworkManager.h; sourceTree = "<group>"; };
		9016C7771E8A53D600B19056 /* NetworkManager.m */ = {isa = PBXFileReference; fileEncoding = 4; lastKnownFileType = sourcecode.c.objc; path = NetworkManager.m; sourceTree = "<group>"; };
		9016C7781E8A53D600B19056 /* NetworkURLDefine.h */ = {isa = PBXFileReference; fileEncoding = 4; lastKnownFileType = sourcecode.c.h; path = NetworkURLDefine.h; sourceTree = "<group>"; };
		9016C7791E8A53D600B19056 /* Reachability.h */ = {isa = PBXFileReference; fileEncoding = 4; lastKnownFileType = sourcecode.c.h; path = Reachability.h; sourceTree = "<group>"; };
		9016C77A1E8A53D600B19056 /* Reachability.m */ = {isa = PBXFileReference; fileEncoding = 4; lastKnownFileType = sourcecode.c.objc; path = Reachability.m; sourceTree = "<group>"; };
		9016C77C1E8A53D600B19056 /* GCDAsyncSocket.h */ = {isa = PBXFileReference; fileEncoding = 4; lastKnownFileType = sourcecode.c.h; path = GCDAsyncSocket.h; sourceTree = "<group>"; };
		9016C77D1E8A53D600B19056 /* GCDAsyncSocket.m */ = {isa = PBXFileReference; fileEncoding = 4; lastKnownFileType = sourcecode.c.objc; path = GCDAsyncSocket.m; sourceTree = "<group>"; };
		9016C77E1E8A53D600B19056 /* GCDAsyncUdpSocket.h */ = {isa = PBXFileReference; fileEncoding = 4; lastKnownFileType = sourcecode.c.h; path = GCDAsyncUdpSocket.h; sourceTree = "<group>"; };
		9016C77F1E8A53D600B19056 /* GCDAsyncUdpSocket.m */ = {isa = PBXFileReference; fileEncoding = 4; lastKnownFileType = sourcecode.c.objc; path = GCDAsyncUdpSocket.m; sourceTree = "<group>"; };
		9016C7811E8A53D600B19056 /* SocketRocket-Prefix.pch */ = {isa = PBXFileReference; fileEncoding = 4; lastKnownFileType = sourcecode.c.h; path = "SocketRocket-Prefix.pch"; sourceTree = "<group>"; };
		9016C7821E8A53D600B19056 /* SRWebSocket.h */ = {isa = PBXFileReference; fileEncoding = 4; lastKnownFileType = sourcecode.c.h; path = SRWebSocket.h; sourceTree = "<group>"; };
		9016C7831E8A53D600B19056 /* SRWebSocket.m */ = {isa = PBXFileReference; fileEncoding = 4; lastKnownFileType = sourcecode.c.objc; path = SRWebSocket.m; sourceTree = "<group>"; };
		9016C79F1E8A583500B19056 /* libicucore.tbd */ = {isa = PBXFileReference; lastKnownFileType = "sourcecode.text-based-dylib-definition"; name = libicucore.tbd; path = usr/lib/libicucore.tbd; sourceTree = SDKROOT; };
		9016C7A61E8B938400B19056 /* AVFoundation.framework */ = {isa = PBXFileReference; lastKnownFileType = wrapper.framework; name = AVFoundation.framework; path = System/Library/Frameworks/AVFoundation.framework; sourceTree = SDKROOT; };
		9016C7AB1E8C938C00B19056 /* BaseNavigationController.h */ = {isa = PBXFileReference; fileEncoding = 4; lastKnownFileType = sourcecode.c.h; path = BaseNavigationController.h; sourceTree = "<group>"; };
		9016C7AC1E8C938C00B19056 /* BaseNavigationController.m */ = {isa = PBXFileReference; fileEncoding = 4; lastKnownFileType = sourcecode.c.objc; path = BaseNavigationController.m; sourceTree = "<group>"; };
		9016C7AE1E8C948A00B19056 /* TabBarController.h */ = {isa = PBXFileReference; fileEncoding = 4; lastKnownFileType = sourcecode.c.h; path = TabBarController.h; sourceTree = "<group>"; };
		9016C7AF1E8C948A00B19056 /* TabBarController.m */ = {isa = PBXFileReference; fileEncoding = 4; lastKnownFileType = sourcecode.c.objc; path = TabBarController.m; sourceTree = "<group>"; };
		901780D91E82626600D6E8A1 /* CXProject.app */ = {isa = PBXFileReference; explicitFileType = wrapper.application; includeInIndex = 0; path = CXProject.app; sourceTree = BUILT_PRODUCTS_DIR; };
		901780DD1E82626600D6E8A1 /* main.m */ = {isa = PBXFileReference; lastKnownFileType = sourcecode.c.objc; path = main.m; sourceTree = "<group>"; };
		901780DF1E82626600D6E8A1 /* AppDelegate.h */ = {isa = PBXFileReference; lastKnownFileType = sourcecode.c.h; path = AppDelegate.h; sourceTree = "<group>"; };
		901780E01E82626600D6E8A1 /* AppDelegate.m */ = {isa = PBXFileReference; lastKnownFileType = sourcecode.c.objc; path = AppDelegate.m; sourceTree = "<group>"; };
		901780E91E82626600D6E8A1 /* CXProject.xcdatamodel */ = {isa = PBXFileReference; lastKnownFileType = wrapper.xcdatamodel; path = CXProject.xcdatamodel; sourceTree = "<group>"; };
		901780EB1E82626600D6E8A1 /* Assets.xcassets */ = {isa = PBXFileReference; lastKnownFileType = folder.assetcatalog; path = Assets.xcassets; sourceTree = "<group>"; };
		901780F01E82626600D6E8A1 /* Info.plist */ = {isa = PBXFileReference; lastKnownFileType = text.plist.xml; path = Info.plist; sourceTree = "<group>"; };
		901780F51E82626600D6E8A1 /* CXProjectTests.xctest */ = {isa = PBXFileReference; explicitFileType = wrapper.cfbundle; includeInIndex = 0; path = CXProjectTests.xctest; sourceTree = BUILT_PRODUCTS_DIR; };
		901780F91E82626600D6E8A1 /* CXProjectTests.m */ = {isa = PBXFileReference; lastKnownFileType = sourcecode.c.objc; path = CXProjectTests.m; sourceTree = "<group>"; };
		901780FB1E82626600D6E8A1 /* Info.plist */ = {isa = PBXFileReference; lastKnownFileType = text.plist.xml; path = Info.plist; sourceTree = "<group>"; };
		901781001E82626600D6E8A1 /* CXProjectUITests.xctest */ = {isa = PBXFileReference; explicitFileType = wrapper.cfbundle; includeInIndex = 0; path = CXProjectUITests.xctest; sourceTree = BUILT_PRODUCTS_DIR; };
		901781041E82626600D6E8A1 /* CXProjectUITests.m */ = {isa = PBXFileReference; lastKnownFileType = sourcecode.c.objc; path = CXProjectUITests.m; sourceTree = "<group>"; };
		901781061E82626600D6E8A1 /* Info.plist */ = {isa = PBXFileReference; lastKnownFileType = text.plist.xml; path = Info.plist; sourceTree = "<group>"; };
		9017812C1E826CF700D6E8A1 /* PrefixHeader.pch */ = {isa = PBXFileReference; fileEncoding = 4; lastKnownFileType = sourcecode.c.h; path = PrefixHeader.pch; sourceTree = "<group>"; };
		9017813E1E8275C700D6E8A1 /* CountViewController.h */ = {isa = PBXFileReference; fileEncoding = 4; lastKnownFileType = sourcecode.c.h; path = CountViewController.h; sourceTree = "<group>"; };
		9017813F1E8275C700D6E8A1 /* CountViewController.m */ = {isa = PBXFileReference; fileEncoding = 4; lastKnownFileType = sourcecode.c.objc; path = CountViewController.m; sourceTree = "<group>"; };
		901781451E8275E000D6E8A1 /* MineViewController.h */ = {isa = PBXFileReference; fileEncoding = 4; lastKnownFileType = sourcecode.c.h; path = MineViewController.h; sourceTree = "<group>"; };
		901781461E8275E000D6E8A1 /* MineViewController.m */ = {isa = PBXFileReference; fileEncoding = 4; lastKnownFileType = sourcecode.c.objc; path = MineViewController.m; sourceTree = "<group>"; };
		901781501E8275FD00D6E8A1 /* MainViewController.h */ = {isa = PBXFileReference; fileEncoding = 4; lastKnownFileType = sourcecode.c.h; path = MainViewController.h; sourceTree = "<group>"; };
		901781511E8275FD00D6E8A1 /* MainViewController.m */ = {isa = PBXFileReference; fileEncoding = 4; lastKnownFileType = sourcecode.c.objc; path = MainViewController.m; sourceTree = "<group>"; };
		9017815C1E8276C600D6E8A1 /* CountCell.h */ = {isa = PBXFileReference; fileEncoding = 4; lastKnownFileType = sourcecode.c.h; path = CountCell.h; sourceTree = "<group>"; };
		9017815D1E8276C600D6E8A1 /* CountCell.m */ = {isa = PBXFileReference; fileEncoding = 4; lastKnownFileType = sourcecode.c.objc; path = CountCell.m; sourceTree = "<group>"; };
		9017815E1E8276C600D6E8A1 /* CountCell.xib */ = {isa = PBXFileReference; fileEncoding = 4; lastKnownFileType = file.xib; path = CountCell.xib; sourceTree = "<group>"; };
		9028C9331EA4B8CB003DA545 /* CXDataBaseUtil.h */ = {isa = PBXFileReference; fileEncoding = 4; lastKnownFileType = sourcecode.c.h; path = CXDataBaseUtil.h; sourceTree = "<group>"; };
		9028C9341EA4B8CB003DA545 /* CXDataBaseUtil.m */ = {isa = PBXFileReference; fileEncoding = 4; lastKnownFileType = sourcecode.c.objc; path = CXDataBaseUtil.m; sourceTree = "<group>"; };
		9028C93C1EA4BC6A003DA545 /* measure.sqlite */ = {isa = PBXFileReference; lastKnownFileType = file; path = measure.sqlite; sourceTree = "<group>"; };
		9028C93E1EA4BF47003DA545 /* MeasureResult.h */ = {isa = PBXFileReference; fileEncoding = 4; lastKnownFileType = sourcecode.c.h; path = MeasureResult.h; sourceTree = "<group>"; };
		9028C93F1EA4BF47003DA545 /* MeasureResult.m */ = {isa = PBXFileReference; fileEncoding = 4; lastKnownFileType = sourcecode.c.objc; path = MeasureResult.m; sourceTree = "<group>"; };
		9028C9411EA4BFE0003DA545 /* MeasureResult+Addtion.h */ = {isa = PBXFileReference; fileEncoding = 4; lastKnownFileType = sourcecode.c.h; path = "MeasureResult+Addtion.h"; sourceTree = "<group>"; };
		9028C9421EA4BFE0003DA545 /* MeasureResult+Addtion.m */ = {isa = PBXFileReference; fileEncoding = 4; lastKnownFileType = sourcecode.c.objc; path = "MeasureResult+Addtion.m"; sourceTree = "<group>"; };
		9028C9471EA75064003DA545 /* CountUtil.c */ = {isa = PBXFileReference; fileEncoding = 4; lastKnownFileType = sourcecode.c.c; path = CountUtil.c; sourceTree = "<group>"; };
		9028C9481EA75064003DA545 /* CountUtil.h */ = {isa = PBXFileReference; fileEncoding = 4; lastKnownFileType = sourcecode.c.h; path = CountUtil.h; sourceTree = "<group>"; };
		9028C94A1EA750B4003DA545 /* BridgeUtil.h */ = {isa = PBXFileReference; fileEncoding = 4; lastKnownFileType = sourcecode.c.h; path = BridgeUtil.h; sourceTree = "<group>"; };
		9028C94B1EA750B4003DA545 /* BridgeUtil.m */ = {isa = PBXFileReference; fileEncoding = 4; lastKnownFileType = sourcecode.c.objc; path = BridgeUtil.m; sourceTree = "<group>"; };
		9028C94D1EA75566003DA545 /* MeasureMethodExplain */ = {isa = PBXFileReference; fileEncoding = 4; lastKnownFileType = text; path = MeasureMethodExplain; sourceTree = "<group>"; };
		904340071E88AA9000D33ED9 /* CountViewController.xib */ = {isa = PBXFileReference; fileEncoding = 4; lastKnownFileType = file.xib; path = CountViewController.xib; sourceTree = "<group>"; };
		904340121E89FAA400D33ED9 /* LoginViewController.h */ = {isa = PBXFileReference; fileEncoding = 4; lastKnownFileType = sourcecode.c.h; path = LoginViewController.h; sourceTree = "<group>"; };
		904340131E89FAA400D33ED9 /* LoginViewController.m */ = {isa = PBXFileReference; fileEncoding = 4; lastKnownFileType = sourcecode.c.objc; path = LoginViewController.m; sourceTree = "<group>"; };
		904340141E89FAA400D33ED9 /* LoginViewController.xib */ = {isa = PBXFileReference; fileEncoding = 4; lastKnownFileType = file.xib; path = LoginViewController.xib; sourceTree = "<group>"; };
		904340181E8A019C00D33ED9 /* User.h */ = {isa = PBXFileReference; fileEncoding = 4; lastKnownFileType = sourcecode.c.h; path = User.h; sourceTree = "<group>"; };
		904340191E8A019C00D33ED9 /* User.m */ = {isa = PBXFileReference; fileEncoding = 4; lastKnownFileType = sourcecode.c.objc; path = User.m; sourceTree = "<group>"; };
		908BFE241E95E2DC00937372 /* NewProjectViewController.h */ = {isa = PBXFileReference; fileEncoding = 4; lastKnownFileType = sourcecode.c.h; path = NewProjectViewController.h; sourceTree = "<group>"; };
		908BFE251E95E2DC00937372 /* NewProjectViewController.m */ = {isa = PBXFileReference; fileEncoding = 4; lastKnownFileType = sourcecode.c.objc; path = NewProjectViewController.m; sourceTree = "<group>"; };
		908BFE271E95E9AB00937372 /* InputCell.h */ = {isa = PBXFileReference; fileEncoding = 4; lastKnownFileType = sourcecode.c.h; path = InputCell.h; sourceTree = "<group>"; };
		908BFE281E95E9AB00937372 /* InputCell.m */ = {isa = PBXFileReference; fileEncoding = 4; lastKnownFileType = sourcecode.c.objc; path = InputCell.m; sourceTree = "<group>"; };
		908BFE291E95E9AB00937372 /* InputCell.xib */ = {isa = PBXFileReference; fileEncoding = 4; lastKnownFileType = file.xib; path = InputCell.xib; sourceTree = "<group>"; };
		908BFE2D1E96054E00937372 /* MHKeyboard+AccessObject.h */ = {isa = PBXFileReference; fileEncoding = 4; lastKnownFileType = sourcecode.c.h; path = "MHKeyboard+AccessObject.h"; sourceTree = "<group>"; };
		908BFE2E1E96054E00937372 /* MHKeyboard+AccessObject.m */ = {isa = PBXFileReference; fileEncoding = 4; lastKnownFileType = sourcecode.c.objc; path = "MHKeyboard+AccessObject.m"; sourceTree = "<group>"; };
		908BFE2F1E96054E00937372 /* MHKeyboard+Animation.h */ = {isa = PBXFileReference; fileEncoding = 4; lastKnownFileType = sourcecode.c.h; path = "MHKeyboard+Animation.h"; sourceTree = "<group>"; };
		908BFE301E96054E00937372 /* MHKeyboard+Animation.m */ = {isa = PBXFileReference; fileEncoding = 4; lastKnownFileType = sourcecode.c.objc; path = "MHKeyboard+Animation.m"; sourceTree = "<group>"; };
		908BFE311E96054E00937372 /* MHKeyboard.h */ = {isa = PBXFileReference; fileEncoding = 4; lastKnownFileType = sourcecode.c.h; path = MHKeyboard.h; sourceTree = "<group>"; };
		908BFE321E96054E00937372 /* MHKeyboard.m */ = {isa = PBXFileReference; fileEncoding = 4; lastKnownFileType = sourcecode.c.objc; path = MHKeyboard.m; sourceTree = "<group>"; };
		908BFE331E96054E00937372 /* MHKeyboardObjects.h */ = {isa = PBXFileReference; fileEncoding = 4; lastKnownFileType = sourcecode.c.h; path = MHKeyboardObjects.h; sourceTree = "<group>"; };
		908BFE341E96054E00937372 /* MHKeyboardObjects.m */ = {isa = PBXFileReference; fileEncoding = 4; lastKnownFileType = sourcecode.c.objc; path = MHKeyboardObjects.m; sourceTree = "<group>"; };
		908BFE351E96054E00937372 /* UIView+MHKeyboardFirstResponderNotify.h */ = {isa = PBXFileReference; fileEncoding = 4; lastKnownFileType = sourcecode.c.h; path = "UIView+MHKeyboardFirstResponderNotify.h"; sourceTree = "<group>"; };
		908BFE361E96054E00937372 /* UIView+MHKeyboardFirstResponderNotify.m */ = {isa = PBXFileReference; fileEncoding = 4; lastKnownFileType = sourcecode.c.objc; path = "UIView+MHKeyboardFirstResponderNotify.m"; sourceTree = "<group>"; };
		908BFE3F1E96269500937372 /* UIMyDatePicker.h */ = {isa = PBXFileReference; fileEncoding = 4; lastKnownFileType = sourcecode.c.h; path = UIMyDatePicker.h; sourceTree = "<group>"; };
		908BFE401E96269500937372 /* UIMyDatePicker.m */ = {isa = PBXFileReference; fileEncoding = 4; lastKnownFileType = sourcecode.c.objc; path = UIMyDatePicker.m; sourceTree = "<group>"; };
		908BFE431E97264600937372 /* InputCell2.h */ = {isa = PBXFileReference; fileEncoding = 4; lastKnownFileType = sourcecode.c.h; path = InputCell2.h; sourceTree = "<group>"; };
		908BFE441E97264600937372 /* InputCell2.m */ = {isa = PBXFileReference; fileEncoding = 4; lastKnownFileType = sourcecode.c.objc; path = InputCell2.m; sourceTree = "<group>"; };
		908BFE451E97264600937372 /* InputCell2.xib */ = {isa = PBXFileReference; fileEncoding = 4; lastKnownFileType = file.xib; path = InputCell2.xib; sourceTree = "<group>"; };
		908BFE481E97265400937372 /* InputCell3.h */ = {isa = PBXFileReference; fileEncoding = 4; lastKnownFileType = sourcecode.c.h; path = InputCell3.h; sourceTree = "<group>"; };
		908BFE491E97265400937372 /* InputCell3.m */ = {isa = PBXFileReference; fileEncoding = 4; lastKnownFileType = sourcecode.c.objc; path = InputCell3.m; sourceTree = "<group>"; };
		908BFE4A1E97265400937372 /* InputCell3.xib */ = {isa = PBXFileReference; fileEncoding = 4; lastKnownFileType = file.xib; path = InputCell3.xib; sourceTree = "<group>"; };
		908C82371E9B28060086EDCD /* ProjectViewController.h */ = {isa = PBXFileReference; fileEncoding = 4; lastKnownFileType = sourcecode.c.h; path = ProjectViewController.h; sourceTree = "<group>"; };
		908C82381E9B28060086EDCD /* ProjectViewController.m */ = {isa = PBXFileReference; fileEncoding = 4; lastKnownFileType = sourcecode.c.objc; path = ProjectViewController.m; sourceTree = "<group>"; };
		908C82391E9B28060086EDCD /* ProjectViewController.xib */ = {isa = PBXFileReference; fileEncoding = 4; lastKnownFileType = file.xib; path = ProjectViewController.xib; sourceTree = "<group>"; };
		908C823C1E9B31720086EDCD /* InputCell4.h */ = {isa = PBXFileReference; fileEncoding = 4; lastKnownFileType = sourcecode.c.h; path = InputCell4.h; sourceTree = "<group>"; };
		908C823D1E9B31720086EDCD /* InputCell4.m */ = {isa = PBXFileReference; fileEncoding = 4; lastKnownFileType = sourcecode.c.objc; path = InputCell4.m; sourceTree = "<group>"; };
		908C823E1E9B31720086EDCD /* InputCell4.xib */ = {isa = PBXFileReference; fileEncoding = 4; lastKnownFileType = file.xib; path = InputCell4.xib; sourceTree = "<group>"; };
		908C82441E9B4DEE0086EDCD /* MeasureViewController.h */ = {isa = PBXFileReference; fileEncoding = 4; lastKnownFileType = sourcecode.c.h; path = MeasureViewController.h; sourceTree = "<group>"; };
		908C82451E9B4DEE0086EDCD /* MeasureViewController.m */ = {isa = PBXFileReference; fileEncoding = 4; lastKnownFileType = sourcecode.c.objc; path = MeasureViewController.m; sourceTree = "<group>"; };
		908C82461E9B4DEE0086EDCD /* MeasureViewController.xib */ = {isa = PBXFileReference; fileEncoding = 4; lastKnownFileType = file.xib; path = MeasureViewController.xib; sourceTree = "<group>"; };
		908C824C1E9B73B90086EDCD /* DetailMeasureViewController.h */ = {isa = PBXFileReference; fileEncoding = 4; lastKnownFileType = sourcecode.c.h; path = DetailMeasureViewController.h; sourceTree = "<group>"; };
		908C824D1E9B73B90086EDCD /* DetailMeasureViewController.m */ = {isa = PBXFileReference; fileEncoding = 4; lastKnownFileType = sourcecode.c.objc; path = DetailMeasureViewController.m; sourceTree = "<group>"; };
		908C824E1E9B73B90086EDCD /* DetailMeasureViewController.xib */ = {isa = PBXFileReference; fileEncoding = 4; lastKnownFileType = file.xib; path = DetailMeasureViewController.xib; sourceTree = "<group>"; };
		908C82511E9B784E0086EDCD /* LabelCell.h */ = {isa = PBXFileReference; fileEncoding = 4; lastKnownFileType = sourcecode.c.h; path = LabelCell.h; sourceTree = "<group>"; };
		908C82521E9B784E0086EDCD /* LabelCell.m */ = {isa = PBXFileReference; fileEncoding = 4; lastKnownFileType = sourcecode.c.objc; path = LabelCell.m; sourceTree = "<group>"; };
		908C82531E9B784E0086EDCD /* LabelCell.xib */ = {isa = PBXFileReference; fileEncoding = 4; lastKnownFileType = file.xib; path = LabelCell.xib; sourceTree = "<group>"; };
		908C82561E9B7D500086EDCD /* Measure.geojson */ = {isa = PBXFileReference; fileEncoding = 4; lastKnownFileType = text; path = Measure.geojson; sourceTree = "<group>"; };
		908C82611E9F0CAB0086EDCD /* InputView.h */ = {isa = PBXFileReference; fileEncoding = 4; lastKnownFileType = sourcecode.c.h; path = InputView.h; sourceTree = "<group>"; };
		908C82621E9F0CAB0086EDCD /* InputView.m */ = {isa = PBXFileReference; fileEncoding = 4; lastKnownFileType = sourcecode.c.objc; path = InputView.m; sourceTree = "<group>"; };
		908C82651EA0A5080086EDCD /* Data.h */ = {isa = PBXFileReference; fileEncoding = 4; lastKnownFileType = sourcecode.c.h; path = Data.h; sourceTree = "<group>"; };
		908C82661EA0A5080086EDCD /* Data.m */ = {isa = PBXFileReference; fileEncoding = 4; lastKnownFileType = sourcecode.c.objc; path = Data.m; sourceTree = "<group>"; };
		908C82671EA0A5080086EDCD /* DataProvider.h */ = {isa = PBXFileReference; fileEncoding = 4; lastKnownFileType = sourcecode.c.h; path = DataProvider.h; sourceTree = "<group>"; };
		908C82681EA0A5080086EDCD /* DataProvider.m */ = {isa = PBXFileReference; fileEncoding = 4; lastKnownFileType = sourcecode.c.objc; path = DataProvider.m; sourceTree = "<group>"; };
		908C82691EA0A5080086EDCD /* Event.h */ = {isa = PBXFileReference; fileEncoding = 4; lastKnownFileType = sourcecode.c.h; path = Event.h; sourceTree = "<group>"; };
		908C826A1EA0A5080086EDCD /* Event.m */ = {isa = PBXFileReference; fileEncoding = 4; lastKnownFileType = sourcecode.c.objc; path = Event.m; sourceTree = "<group>"; };
		908D03751E835EB600F0C0C1 /* BaseViewController.h */ = {isa = PBXFileReference; fileEncoding = 4; lastKnownFileType = sourcecode.c.h; path = BaseViewController.h; sourceTree = "<group>"; };
		908D03761E835EB600F0C0C1 /* BaseViewController.m */ = {isa = PBXFileReference; fileEncoding = 4; lastKnownFileType = sourcecode.c.objc; path = BaseViewController.m; sourceTree = "<group>"; };
		908D03791E83987300F0C0C1 /* TopBarView.h */ = {isa = PBXFileReference; fileEncoding = 4; lastKnownFileType = sourcecode.c.h; path = TopBarView.h; sourceTree = "<group>"; };
		908D037A1E83987300F0C0C1 /* TopBarView.m */ = {isa = PBXFileReference; fileEncoding = 4; lastKnownFileType = sourcecode.c.objc; path = TopBarView.m; sourceTree = "<group>"; };
		90CB98661E8F7204000FB2BC /* PhotoEditorViewController.h */ = {isa = PBXFileReference; fileEncoding = 4; lastKnownFileType = sourcecode.c.h; path = PhotoEditorViewController.h; sourceTree = "<group>"; };
		90CB98671E8F7204000FB2BC /* PhotoEditorViewController.m */ = {isa = PBXFileReference; fileEncoding = 4; lastKnownFileType = sourcecode.c.objc; path = PhotoEditorViewController.m; sourceTree = "<group>"; };
		90CB98691E8F7527000FB2BC /* Photos.framework */ = {isa = PBXFileReference; lastKnownFileType = wrapper.framework; name = Photos.framework; path = System/Library/Frameworks/Photos.framework; sourceTree = SDKROOT; };
		90CB986C1E8F7F55000FB2BC /* LSDrawView.h */ = {isa = PBXFileReference; fileEncoding = 4; lastKnownFileType = sourcecode.c.h; path = LSDrawView.h; sourceTree = "<group>"; };
		90CB986D1E8F7F55000FB2BC /* LSDrawView.m */ = {isa = PBXFileReference; fileEncoding = 4; lastKnownFileType = sourcecode.c.objc; path = LSDrawView.m; sourceTree = "<group>"; };
		90CB986F1E8F7F55000FB2BC /* LJBaseModel.h */ = {isa = PBXFileReference; fileEncoding = 4; lastKnownFileType = sourcecode.c.h; path = LJBaseModel.h; sourceTree = "<group>"; };
		90CB98701E8F7F55000FB2BC /* LJBaseModel.m */ = {isa = PBXFileReference; fileEncoding = 4; lastKnownFileType = sourcecode.c.objc; path = LJBaseModel.m; sourceTree = "<group>"; };
		90CB98711E8F7F55000FB2BC /* NSObject+YYModel.h */ = {isa = PBXFileReference; fileEncoding = 4; lastKnownFileType = sourcecode.c.h; path = "NSObject+YYModel.h"; sourceTree = "<group>"; };
		90CB98721E8F7F55000FB2BC /* NSObject+YYModel.m */ = {isa = PBXFileReference; fileEncoding = 4; lastKnownFileType = sourcecode.c.objc; path = "NSObject+YYModel.m"; sourceTree = "<group>"; };
		90CB98731E8F7F55000FB2BC /* YYClassInfo.h */ = {isa = PBXFileReference; fileEncoding = 4; lastKnownFileType = sourcecode.c.h; path = YYClassInfo.h; sourceTree = "<group>"; };
		90CB98741E8F7F55000FB2BC /* YYClassInfo.m */ = {isa = PBXFileReference; fileEncoding = 4; lastKnownFileType = sourcecode.c.objc; path = YYClassInfo.m; sourceTree = "<group>"; };
		90CB98751E8F7F55000FB2BC /* YYModel.h */ = {isa = PBXFileReference; fileEncoding = 4; lastKnownFileType = sourcecode.c.h; path = YYModel.h; sourceTree = "<group>"; };
		90CB987A1E8F8A19000FB2BC /* PhotoEditorViewController.xib */ = {isa = PBXFileReference; fileEncoding = 4; lastKnownFileType = file.xib; path = PhotoEditorViewController.xib; sourceTree = "<group>"; };
		90CB98891E8F9CA4000FB2BC /* PhotoViewController.m */ = {isa = PBXFileReference; fileEncoding = 4; lastKnownFileType = sourcecode.c.objc; path = PhotoViewController.m; sourceTree = "<group>"; };
		90CB988A1E8F9CA4000FB2BC /* PhotoViewController.h */ = {isa = PBXFileReference; fileEncoding = 4; lastKnownFileType = sourcecode.c.h; path = PhotoViewController.h; sourceTree = "<group>"; };
		90CB988C1E8F9CA4000FB2BC /* ProjecListtViewController.xib */ = {isa = PBXFileReference; fileEncoding = 4; lastKnownFileType = file.xib; path = ProjecListtViewController.xib; sourceTree = "<group>"; };
		90CB988D1E8F9CA4000FB2BC /* PhotoViewController.xib */ = {isa = PBXFileReference; fileEncoding = 4; lastKnownFileType = file.xib; path = PhotoViewController.xib; sourceTree = "<group>"; };
		90CB988F1E8F9CA4000FB2BC /* ProjecListtViewController.m */ = {isa = PBXFileReference; fileEncoding = 4; lastKnownFileType = sourcecode.c.objc; path = ProjecListtViewController.m; sourceTree = "<group>"; };
		90CB98911E8F9CA4000FB2BC /* ProjecListtViewController.h */ = {isa = PBXFileReference; fileEncoding = 4; lastKnownFileType = sourcecode.c.h; path = ProjecListtViewController.h; sourceTree = "<group>"; };
		90CB98981E8F9D61000FB2BC /* AddProjectCell.h */ = {isa = PBXFileReference; fileEncoding = 4; lastKnownFileType = sourcecode.c.h; path = AddProjectCell.h; sourceTree = "<group>"; };
		90CB98991E8F9D61000FB2BC /* AddProjectCell.m */ = {isa = PBXFileReference; fileEncoding = 4; lastKnownFileType = sourcecode.c.objc; path = AddProjectCell.m; sourceTree = "<group>"; };
		90CB989A1E8F9D61000FB2BC /* AddProjectCell.xib */ = {isa = PBXFileReference; fileEncoding = 4; lastKnownFileType = file.xib; path = AddProjectCell.xib; sourceTree = "<group>"; };
		90CB98A01E8FA18C000FB2BC /* Project.h */ = {isa = PBXFileReference; fileEncoding = 4; lastKnownFileType = sourcecode.c.h; path = Project.h; sourceTree = "<group>"; };
		90CB98A11E8FA18C000FB2BC /* Project.m */ = {isa = PBXFileReference; fileEncoding = 4; lastKnownFileType = sourcecode.c.objc; path = Project.m; sourceTree = "<group>"; };
		90CB98A31E8FA63D000FB2BC /* ProjectCell.h */ = {isa = PBXFileReference; fileEncoding = 4; lastKnownFileType = sourcecode.c.h; path = ProjectCell.h; sourceTree = "<group>"; };
		90CB98A41E8FA63D000FB2BC /* ProjectCell.m */ = {isa = PBXFileReference; fileEncoding = 4; lastKnownFileType = sourcecode.c.objc; path = ProjectCell.m; sourceTree = "<group>"; };
		90CB98A51E8FA63D000FB2BC /* ProjectCell.xib */ = {isa = PBXFileReference; fileEncoding = 4; lastKnownFileType = file.xib; path = ProjectCell.xib; sourceTree = "<group>"; };
		90D4DF4E1E83C54A000A1918 /* DataModel.h */ = {isa = PBXFileReference; fileEncoding = 4; lastKnownFileType = sourcecode.c.h; path = DataModel.h; sourceTree = "<group>"; };
		90D4DF4F1E83C54A000A1918 /* DataModel.m */ = {isa = PBXFileReference; fileEncoding = 4; lastKnownFileType = sourcecode.c.objc; path = DataModel.m; sourceTree = "<group>"; };
		90D4DF511E83C839000A1918 /* ResultViewController.h */ = {isa = PBXFileReference; fileEncoding = 4; lastKnownFileType = sourcecode.c.h; path = ResultViewController.h; sourceTree = "<group>"; };
		90D4DF521E83C839000A1918 /* ResultViewController.m */ = {isa = PBXFileReference; fileEncoding = 4; lastKnownFileType = sourcecode.c.objc; path = ResultViewController.m; sourceTree = "<group>"; };
		B09939730C48F88524F34BB6 /* Pods_CXProject.framework */ = {isa = PBXFileReference; explicitFileType = wrapper.framework; includeInIndex = 0; path = Pods_CXProject.framework; sourceTree = BUILT_PRODUCTS_DIR; };
		BF5CC928867F17D29D35F1D0 /* Pods-CXProject.debug.xcconfig */ = {isa = PBXFileReference; includeInIndex = 1; lastKnownFileType = text.xcconfig; name = "Pods-CXProject.debug.xcconfig"; path = "Pods/Target Support Files/Pods-CXProject/Pods-CXProject.debug.xcconfig"; sourceTree = "<group>"; };
/* End PBXFileReference section */

/* Begin PBXFrameworksBuildPhase section */
		901780D61E82626600D6E8A1 /* Frameworks */ = {
			isa = PBXFrameworksBuildPhase;
			buildActionMask = 2147483647;
			files = (
				90CB986A1E8F7527000FB2BC /* Photos.framework in Frameworks */,
				9016C7A01E8A583500B19056 /* libicucore.tbd in Frameworks */,
				92D2DC898484AA0B8E6EA2BD /* Pods_CXProject.framework in Frameworks */,
			);
			runOnlyForDeploymentPostprocessing = 0;
		};
		901780F21E82626600D6E8A1 /* Frameworks */ = {
			isa = PBXFrameworksBuildPhase;
			buildActionMask = 2147483647;
			files = (
			);
			runOnlyForDeploymentPostprocessing = 0;
		};
		901780FD1E82626600D6E8A1 /* Frameworks */ = {
			isa = PBXFrameworksBuildPhase;
			buildActionMask = 2147483647;
			files = (
			);
			runOnlyForDeploymentPostprocessing = 0;
		};
/* End PBXFrameworksBuildPhase section */

/* Begin PBXGroup section */
		2781D770A6715334B5D287CE /* Frameworks */ = {
			isa = PBXGroup;
			children = (
				90CB98691E8F7527000FB2BC /* Photos.framework */,
				9016C7A61E8B938400B19056 /* AVFoundation.framework */,
				9016C79F1E8A583500B19056 /* libicucore.tbd */,
				B09939730C48F88524F34BB6 /* Pods_CXProject.framework */,
			);
			name = Frameworks;
			sourceTree = "<group>";
		};
		7B3537574A37C1DB8CC8B901 /* Pods */ = {
			isa = PBXGroup;
			children = (
				BF5CC928867F17D29D35F1D0 /* Pods-CXProject.debug.xcconfig */,
				18E32DCD72DC853A516D37CD /* Pods-CXProject.release.xcconfig */,
			);
			name = Pods;
			sourceTree = "<group>";
		};
		9016C7461E8A53D500B19056 /* Network */ = {
			isa = PBXGroup;
			children = (
				9016C7731E8A53D600B19056 /* NetworkAPI.h */,
				9016C7741E8A53D600B19056 /* NetworkAPI.m */,
				9016C7761E8A53D600B19056 /* NetworkManager.h */,
				9016C7771E8A53D600B19056 /* NetworkManager.m */,
				9016C7781E8A53D600B19056 /* NetworkURLDefine.h */,
				9016C7751E8A53D600B19056 /* NetworkDefine.h */,
				9016C7791E8A53D600B19056 /* Reachability.h */,
				9016C77A1E8A53D600B19056 /* Reachability.m */,
				9016C77B1E8A53D600B19056 /* Socket */,
				9016C7801E8A53D600B19056 /* WebSocket */,
			);
			path = Network;
			sourceTree = "<group>";
		};
		9016C77B1E8A53D600B19056 /* Socket */ = {
			isa = PBXGroup;
			children = (
				9016C77C1E8A53D600B19056 /* GCDAsyncSocket.h */,
				9016C77D1E8A53D600B19056 /* GCDAsyncSocket.m */,
				9016C77E1E8A53D600B19056 /* GCDAsyncUdpSocket.h */,
				9016C77F1E8A53D600B19056 /* GCDAsyncUdpSocket.m */,
			);
			path = Socket;
			sourceTree = "<group>";
		};
		9016C7801E8A53D600B19056 /* WebSocket */ = {
			isa = PBXGroup;
			children = (
				9016C7811E8A53D600B19056 /* SocketRocket-Prefix.pch */,
				9016C7821E8A53D600B19056 /* SRWebSocket.h */,
				9016C7831E8A53D600B19056 /* SRWebSocket.m */,
			);
			path = WebSocket;
			sourceTree = "<group>";
		};
		9016C79B1E8A564F00B19056 /* Utils */ = {
			isa = PBXGroup;
			children = (
				9028C9321EA4B8CB003DA545 /* FMDB */,
				908BFE3C1E96269500937372 /* 时间选择器 */,
				908BFE2C1E96054E00937372 /* MHKeyboard */,
				90CB986B1E8F7F0F000FB2BC /* 绘图 */,
				90CB98661E8F7204000FB2BC /* PhotoEditorViewController.h */,
				90CB98671E8F7204000FB2BC /* PhotoEditorViewController.m */,
				90CB987A1E8F8A19000FB2BC /* PhotoEditorViewController.xib */,
			);
			path = Utils;
			sourceTree = "<group>";
		};
		901780D01E82626600D6E8A1 = {
			isa = PBXGroup;
			children = (
				901780DB1E82626600D6E8A1 /* CXProject */,
				901780F81E82626600D6E8A1 /* CXProjectTests */,
				901781031E82626600D6E8A1 /* CXProjectUITests */,
				901780DA1E82626600D6E8A1 /* Products */,
				7B3537574A37C1DB8CC8B901 /* Pods */,
				2781D770A6715334B5D287CE /* Frameworks */,
			);
			sourceTree = "<group>";
		};
		901780DA1E82626600D6E8A1 /* Products */ = {
			isa = PBXGroup;
			children = (
				901780D91E82626600D6E8A1 /* CXProject.app */,
				901780F51E82626600D6E8A1 /* CXProjectTests.xctest */,
				901781001E82626600D6E8A1 /* CXProjectUITests.xctest */,
			);
			name = Products;
			sourceTree = "<group>";
		};
		901780DB1E82626600D6E8A1 /* CXProject */ = {
			isa = PBXGroup;
			children = (
				901780DF1E82626600D6E8A1 /* AppDelegate.h */,
				901780E01E82626600D6E8A1 /* AppDelegate.m */,
				908D03751E835EB600F0C0C1 /* BaseViewController.h */,
				908D03761E835EB600F0C0C1 /* BaseViewController.m */,
				9016C7AB1E8C938C00B19056 /* BaseNavigationController.h */,
				9016C7AC1E8C938C00B19056 /* BaseNavigationController.m */,
				9016C7AE1E8C948A00B19056 /* TabBarController.h */,
				9016C7AF1E8C948A00B19056 /* TabBarController.m */,
				904340121E89FAA400D33ED9 /* LoginViewController.h */,
				904340131E89FAA400D33ED9 /* LoginViewController.m */,
				904340141E89FAA400D33ED9 /* LoginViewController.xib */,
				9016C79B1E8A564F00B19056 /* Utils */,
				9016C7461E8A53D500B19056 /* Network */,
				908C82641EA0A5080086EDCD /* LocalData */,
				904340171E8A018E00D33ED9 /* UserData */,
				9017811B1E82653200D6E8A1 /* Main */,
				901781301E82753D00D6E8A1 /* 统计 */,
				904340091E89F78E00D33ED9 /* 录入 */,
				901781351E82754600D6E8A1 /* 我的 */,
				901780EB1E82626600D6E8A1 /* Assets.xcassets */,
				901780F01E82626600D6E8A1 /* Info.plist */,
				9028C93C1EA4BC6A003DA545 /* measure.sqlite */,
				908C82561E9B7D500086EDCD /* Measure.geojson */,
				9028C94D1EA75566003DA545 /* MeasureMethodExplain */,
				901780E81E82626600D6E8A1 /* CXProject.xcdatamodeld */,
				901780DC1E82626600D6E8A1 /* Supporting Files */,
			);
			path = CXProject;
			sourceTree = "<group>";
		};
		901780DC1E82626600D6E8A1 /* Supporting Files */ = {
			isa = PBXGroup;
			children = (
				901780DD1E82626600D6E8A1 /* main.m */,
				9017812C1E826CF700D6E8A1 /* PrefixHeader.pch */,
			);
			name = "Supporting Files";
			sourceTree = "<group>";
		};
		901780F81E82626600D6E8A1 /* CXProjectTests */ = {
			isa = PBXGroup;
			children = (
				901780F91E82626600D6E8A1 /* CXProjectTests.m */,
				901780FB1E82626600D6E8A1 /* Info.plist */,
			);
			path = CXProjectTests;
			sourceTree = "<group>";
		};
		901781031E82626600D6E8A1 /* CXProjectUITests */ = {
			isa = PBXGroup;
			children = (
				901781041E82626600D6E8A1 /* CXProjectUITests.m */,
				901781061E82626600D6E8A1 /* Info.plist */,
			);
			path = CXProjectUITests;
			sourceTree = "<group>";
		};
		9017811B1E82653200D6E8A1 /* Main */ = {
			isa = PBXGroup;
			children = (
				9017814D1E8275FD00D6E8A1 /* Controllers */,
				901781551E8275FD00D6E8A1 /* View */,
				901781541E8275FD00D6E8A1 /* Model */,
			);
			path = Main;
			sourceTree = "<group>";
		};
		901781301E82753D00D6E8A1 /* 统计 */ = {
			isa = PBXGroup;
			children = (
				9017813D1E8275C700D6E8A1 /* Controllers */,
				9017813B1E82758000D6E8A1 /* View */,
				9017813C1E82758000D6E8A1 /* Model */,
			);
			path = "统计";
			sourceTree = "<group>";
		};
		901781351E82754600D6E8A1 /* 我的 */ = {
			isa = PBXGroup;
			children = (
				901781421E8275E000D6E8A1 /* Controllers */,
				901781481E8275E000D6E8A1 /* View */,
				901781471E8275E000D6E8A1 /* Model */,
			);
			path = "我的";
			sourceTree = "<group>";
		};
		9017813B1E82758000D6E8A1 /* View */ = {
			isa = PBXGroup;
			children = (
				9017815C1E8276C600D6E8A1 /* CountCell.h */,
				9017815D1E8276C600D6E8A1 /* CountCell.m */,
				9017815E1E8276C600D6E8A1 /* CountCell.xib */,
				908D03791E83987300F0C0C1 /* TopBarView.h */,
				908D037A1E83987300F0C0C1 /* TopBarView.m */,
			);
			path = View;
			sourceTree = "<group>";
		};
		9017813C1E82758000D6E8A1 /* Model */ = {
			isa = PBXGroup;
			children = (
				90D4DF4E1E83C54A000A1918 /* DataModel.h */,
				90D4DF4F1E83C54A000A1918 /* DataModel.m */,
			);
			path = Model;
			sourceTree = "<group>";
		};
		9017813D1E8275C700D6E8A1 /* Controllers */ = {
			isa = PBXGroup;
			children = (
				9017813E1E8275C700D6E8A1 /* CountViewController.h */,
				9017813F1E8275C700D6E8A1 /* CountViewController.m */,
				904340071E88AA9000D33ED9 /* CountViewController.xib */,
				90D4DF511E83C839000A1918 /* ResultViewController.h */,
				90D4DF521E83C839000A1918 /* ResultViewController.m */,
			);
			path = Controllers;
			sourceTree = "<group>";
		};
		901781421E8275E000D6E8A1 /* Controllers */ = {
			isa = PBXGroup;
			children = (
				901781451E8275E000D6E8A1 /* MineViewController.h */,
				901781461E8275E000D6E8A1 /* MineViewController.m */,
			);
			path = Controllers;
			sourceTree = "<group>";
		};
		901781471E8275E000D6E8A1 /* Model */ = {
			isa = PBXGroup;
			children = (
			);
			path = Model;
			sourceTree = "<group>";
		};
		901781481E8275E000D6E8A1 /* View */ = {
			isa = PBXGroup;
			children = (
			);
			path = View;
			sourceTree = "<group>";
		};
		9017814D1E8275FD00D6E8A1 /* Controllers */ = {
			isa = PBXGroup;
			children = (
				901781501E8275FD00D6E8A1 /* MainViewController.h */,
				901781511E8275FD00D6E8A1 /* MainViewController.m */,
			);
			path = Controllers;
			sourceTree = "<group>";
		};
		901781541E8275FD00D6E8A1 /* Model */ = {
			isa = PBXGroup;
			children = (
			);
			path = Model;
			sourceTree = "<group>";
		};
		901781551E8275FD00D6E8A1 /* View */ = {
			isa = PBXGroup;
			children = (
			);
			path = View;
			sourceTree = "<group>";
		};
		9028C9321EA4B8CB003DA545 /* FMDB */ = {
			isa = PBXGroup;
			children = (
				9028C9331EA4B8CB003DA545 /* CXDataBaseUtil.h */,
				9028C9341EA4B8CB003DA545 /* CXDataBaseUtil.m */,
				9028C93E1EA4BF47003DA545 /* MeasureResult.h */,
				9028C93F1EA4BF47003DA545 /* MeasureResult.m */,
				9028C9411EA4BFE0003DA545 /* MeasureResult+Addtion.h */,
				9028C9421EA4BFE0003DA545 /* MeasureResult+Addtion.m */,
			);
			path = FMDB;
			sourceTree = "<group>";
		};
		904340091E89F78E00D33ED9 /* 录入 */ = {
			isa = PBXGroup;
			children = (
				90CB98871E8F9C7F000FB2BC /* Controllers */,
				90CB98861E8F9C7F000FB2BC /* View */,
				90CB98881E8F9C7F000FB2BC /* Model */,
			);
			path = "录入";
			sourceTree = "<group>";
		};
		904340171E8A018E00D33ED9 /* UserData */ = {
			isa = PBXGroup;
			children = (
				904340181E8A019C00D33ED9 /* User.h */,
				904340191E8A019C00D33ED9 /* User.m */,
			);
			path = UserData;
			sourceTree = "<group>";
		};
		908BFE2C1E96054E00937372 /* MHKeyboard */ = {
			isa = PBXGroup;
			children = (
				908BFE2D1E96054E00937372 /* MHKeyboard+AccessObject.h */,
				908BFE2E1E96054E00937372 /* MHKeyboard+AccessObject.m */,
				908BFE2F1E96054E00937372 /* MHKeyboard+Animation.h */,
				908BFE301E96054E00937372 /* MHKeyboard+Animation.m */,
				908BFE311E96054E00937372 /* MHKeyboard.h */,
				908BFE321E96054E00937372 /* MHKeyboard.m */,
				908BFE331E96054E00937372 /* MHKeyboardObjects.h */,
				908BFE341E96054E00937372 /* MHKeyboardObjects.m */,
				908BFE351E96054E00937372 /* UIView+MHKeyboardFirstResponderNotify.h */,
				908BFE361E96054E00937372 /* UIView+MHKeyboardFirstResponderNotify.m */,
			);
			path = MHKeyboard;
			sourceTree = "<group>";
		};
		908BFE3C1E96269500937372 /* 时间选择器 */ = {
			isa = PBXGroup;
			children = (
				908BFE3F1E96269500937372 /* UIMyDatePicker.h */,
				908BFE401E96269500937372 /* UIMyDatePicker.m */,
			);
			path = "时间选择器";
			sourceTree = "<group>";
		};
		908C82641EA0A5080086EDCD /* LocalData */ = {
			isa = PBXGroup;
			children = (
				908C82651EA0A5080086EDCD /* Data.h */,
				908C82661EA0A5080086EDCD /* Data.m */,
				908C82671EA0A5080086EDCD /* DataProvider.h */,
				908C82681EA0A5080086EDCD /* DataProvider.m */,
				908C82691EA0A5080086EDCD /* Event.h */,
				908C826A1EA0A5080086EDCD /* Event.m */,
				9028C9471EA75064003DA545 /* CountUtil.c */,
				9028C9481EA75064003DA545 /* CountUtil.h */,
				9028C94A1EA750B4003DA545 /* BridgeUtil.h */,
				9028C94B1EA750B4003DA545 /* BridgeUtil.m */,
			);
			path = LocalData;
			sourceTree = "<group>";
		};
		90CB986B1E8F7F0F000FB2BC /* 绘图 */ = {
			isa = PBXGroup;
			children = (
				90CB986C1E8F7F55000FB2BC /* LSDrawView.h */,
				90CB986D1E8F7F55000FB2BC /* LSDrawView.m */,
				90CB986E1E8F7F55000FB2BC /* YYModel */,
			);
			path = "绘图";
			sourceTree = "<group>";
		};
		90CB986E1E8F7F55000FB2BC /* YYModel */ = {
			isa = PBXGroup;
			children = (
				90CB986F1E8F7F55000FB2BC /* LJBaseModel.h */,
				90CB98701E8F7F55000FB2BC /* LJBaseModel.m */,
				90CB98711E8F7F55000FB2BC /* NSObject+YYModel.h */,
				90CB98721E8F7F55000FB2BC /* NSObject+YYModel.m */,
				90CB98731E8F7F55000FB2BC /* YYClassInfo.h */,
				90CB98741E8F7F55000FB2BC /* YYClassInfo.m */,
				90CB98751E8F7F55000FB2BC /* YYModel.h */,
			);
			path = YYModel;
			sourceTree = "<group>";
		};
		90CB98861E8F9C7F000FB2BC /* View */ = {
			isa = PBXGroup;
			children = (
				90CB98981E8F9D61000FB2BC /* AddProjectCell.h */,
				90CB98991E8F9D61000FB2BC /* AddProjectCell.m */,
				90CB989A1E8F9D61000FB2BC /* AddProjectCell.xib */,
				90CB98A31E8FA63D000FB2BC /* ProjectCell.h */,
				90CB98A41E8FA63D000FB2BC /* ProjectCell.m */,
				90CB98A51E8FA63D000FB2BC /* ProjectCell.xib */,
				908BFE271E95E9AB00937372 /* InputCell.h */,
				908BFE281E95E9AB00937372 /* InputCell.m */,
				908BFE291E95E9AB00937372 /* InputCell.xib */,
				908BFE431E97264600937372 /* InputCell2.h */,
				908BFE441E97264600937372 /* InputCell2.m */,
				908BFE451E97264600937372 /* InputCell2.xib */,
				908BFE481E97265400937372 /* InputCell3.h */,
				908BFE491E97265400937372 /* InputCell3.m */,
				908BFE4A1E97265400937372 /* InputCell3.xib */,
				908C823C1E9B31720086EDCD /* InputCell4.h */,
				908C823D1E9B31720086EDCD /* InputCell4.m */,
				908C823E1E9B31720086EDCD /* InputCell4.xib */,
				908C82511E9B784E0086EDCD /* LabelCell.h */,
				908C82521E9B784E0086EDCD /* LabelCell.m */,
				908C82531E9B784E0086EDCD /* LabelCell.xib */,
				908C82611E9F0CAB0086EDCD /* InputView.h */,
				908C82621E9F0CAB0086EDCD /* InputView.m */,
			);
			path = View;
			sourceTree = "<group>";
		};
		90CB98871E8F9C7F000FB2BC /* Controllers */ = {
			isa = PBXGroup;
			children = (
				90CB98911E8F9CA4000FB2BC /* ProjecListtViewController.h */,
				90CB988F1E8F9CA4000FB2BC /* ProjecListtViewController.m */,
				90CB988C1E8F9CA4000FB2BC /* ProjecListtViewController.xib */,
				908BFE241E95E2DC00937372 /* NewProjectViewController.h */,
				908BFE251E95E2DC00937372 /* NewProjectViewController.m */,
				908C82371E9B28060086EDCD /* ProjectViewController.h */,
				908C82381E9B28060086EDCD /* ProjectViewController.m */,
				908C82391E9B28060086EDCD /* ProjectViewController.xib */,
				908C82441E9B4DEE0086EDCD /* MeasureViewController.h */,
				908C82451E9B4DEE0086EDCD /* MeasureViewController.m */,
				908C82461E9B4DEE0086EDCD /* MeasureViewController.xib */,
				908C824C1E9B73B90086EDCD /* DetailMeasureViewController.h */,
				908C824D1E9B73B90086EDCD /* DetailMeasureViewController.m */,
				908C824E1E9B73B90086EDCD /* DetailMeasureViewController.xib */,
				90CB988A1E8F9CA4000FB2BC /* PhotoViewController.h */,
				90CB98891E8F9CA4000FB2BC /* PhotoViewController.m */,
				90CB988D1E8F9CA4000FB2BC /* PhotoViewController.xib */,
			);
			path = Controllers;
			sourceTree = "<group>";
		};
		90CB98881E8F9C7F000FB2BC /* Model */ = {
			isa = PBXGroup;
			children = (
				90CB98A01E8FA18C000FB2BC /* Project.h */,
				90CB98A11E8FA18C000FB2BC /* Project.m */,
			);
			path = Model;
			sourceTree = "<group>";
		};
/* End PBXGroup section */

/* Begin PBXNativeTarget section */
		901780D81E82626600D6E8A1 /* CXProject */ = {
			isa = PBXNativeTarget;
			buildConfigurationList = 901781091E82626600D6E8A1 /* Build configuration list for PBXNativeTarget "CXProject" */;
			buildPhases = (
				57CD0DD575E51E8FE62CCE58 /* [CP] Check Pods Manifest.lock */,
				901780D51E82626600D6E8A1 /* Sources */,
				901780D61E82626600D6E8A1 /* Frameworks */,
				901780D71E82626600D6E8A1 /* Resources */,
				F7D72427B40A56DBFEE2AC6B /* [CP] Embed Pods Frameworks */,
				2C7205D42EE1E95FC8F55654 /* [CP] Copy Pods Resources */,
			);
			buildRules = (
			);
			dependencies = (
			);
			name = CXProject;
			productName = CXProject;
			productReference = 901780D91E82626600D6E8A1 /* CXProject.app */;
			productType = "com.apple.product-type.application";
		};
		901780F41E82626600D6E8A1 /* CXProjectTests */ = {
			isa = PBXNativeTarget;
			buildConfigurationList = 9017810C1E82626600D6E8A1 /* Build configuration list for PBXNativeTarget "CXProjectTests" */;
			buildPhases = (
				901780F11E82626600D6E8A1 /* Sources */,
				901780F21E82626600D6E8A1 /* Frameworks */,
				901780F31E82626600D6E8A1 /* Resources */,
			);
			buildRules = (
			);
			dependencies = (
				901780F71E82626600D6E8A1 /* PBXTargetDependency */,
			);
			name = CXProjectTests;
			productName = CXProjectTests;
			productReference = 901780F51E82626600D6E8A1 /* CXProjectTests.xctest */;
			productType = "com.apple.product-type.bundle.unit-test";
		};
		901780FF1E82626600D6E8A1 /* CXProjectUITests */ = {
			isa = PBXNativeTarget;
			buildConfigurationList = 9017810F1E82626600D6E8A1 /* Build configuration list for PBXNativeTarget "CXProjectUITests" */;
			buildPhases = (
				901780FC1E82626600D6E8A1 /* Sources */,
				901780FD1E82626600D6E8A1 /* Frameworks */,
				901780FE1E82626600D6E8A1 /* Resources */,
			);
			buildRules = (
			);
			dependencies = (
				901781021E82626600D6E8A1 /* PBXTargetDependency */,
			);
			name = CXProjectUITests;
			productName = CXProjectUITests;
			productReference = 901781001E82626600D6E8A1 /* CXProjectUITests.xctest */;
			productType = "com.apple.product-type.bundle.ui-testing";
		};
/* End PBXNativeTarget section */

/* Begin PBXProject section */
		901780D11E82626600D6E8A1 /* Project object */ = {
			isa = PBXProject;
			attributes = {
				LastUpgradeCheck = 0820;
				ORGANIZATIONNAME = zhangchaoxin;
				TargetAttributes = {
					901780D81E82626600D6E8A1 = {
						CreatedOnToolsVersion = 8.2.1;
						DevelopmentTeam = GBL46J7TV8;
						ProvisioningStyle = Automatic;
					};
					901780F41E82626600D6E8A1 = {
						CreatedOnToolsVersion = 8.2.1;
						DevelopmentTeam = GBL46J7TV8;
						ProvisioningStyle = Automatic;
						TestTargetID = 901780D81E82626600D6E8A1;
					};
					901780FF1E82626600D6E8A1 = {
						CreatedOnToolsVersion = 8.2.1;
						DevelopmentTeam = GBL46J7TV8;
						ProvisioningStyle = Automatic;
						TestTargetID = 901780D81E82626600D6E8A1;
					};
				};
			};
			buildConfigurationList = 901780D41E82626600D6E8A1 /* Build configuration list for PBXProject "CXProject" */;
			compatibilityVersion = "Xcode 3.2";
			developmentRegion = English;
			hasScannedForEncodings = 0;
			knownRegions = (
				en,
				Base,
			);
			mainGroup = 901780D01E82626600D6E8A1;
			productRefGroup = 901780DA1E82626600D6E8A1 /* Products */;
			projectDirPath = "";
			projectRoot = "";
			targets = (
				901780D81E82626600D6E8A1 /* CXProject */,
				901780F41E82626600D6E8A1 /* CXProjectTests */,
				901780FF1E82626600D6E8A1 /* CXProjectUITests */,
			);
		};
/* End PBXProject section */

/* Begin PBXResourcesBuildPhase section */
		901780D71E82626600D6E8A1 /* Resources */ = {
			isa = PBXResourcesBuildPhase;
			buildActionMask = 2147483647;
			files = (
				908BFE2B1E95E9AB00937372 /* InputCell.xib in Resources */,
				904340161E89FAA400D33ED9 /* LoginViewController.xib in Resources */,
				908BFE4C1E97265400937372 /* InputCell3.xib in Resources */,
				908C82401E9B31720086EDCD /* InputCell4.xib in Resources */,
				908C82501E9B73B90086EDCD /* DetailMeasureViewController.xib in Resources */,
				9028C93D1EA4BC6A003DA545 /* measure.sqlite in Resources */,
				90CB989C1E8F9D61000FB2BC /* AddProjectCell.xib in Resources */,
				908C82551E9B784E0086EDCD /* LabelCell.xib in Resources */,
				908C82481E9B4DEE0086EDCD /* MeasureViewController.xib in Resources */,
				908C82571E9B7D500086EDCD /* Measure.geojson in Resources */,
				90CB98951E8F9CA4000FB2BC /* PhotoViewController.xib in Resources */,
				908BFE471E97264600937372 /* InputCell2.xib in Resources */,
				90CB98A71E8FA63D000FB2BC /* ProjectCell.xib in Resources */,
				901780EC1E82626600D6E8A1 /* Assets.xcassets in Resources */,
				90CB987B1E8F8A19000FB2BC /* PhotoEditorViewController.xib in Resources */,
				904340081E88AA9000D33ED9 /* CountViewController.xib in Resources */,
				90CB98941E8F9CA4000FB2BC /* ProjecListtViewController.xib in Resources */,
				908C823B1E9B28060086EDCD /* ProjectViewController.xib in Resources */,
				901781611E8276C600D6E8A1 /* CountCell.xib in Resources */,
				9028C94E1EA75566003DA545 /* MeasureMethodExplain in Resources */,
			);
			runOnlyForDeploymentPostprocessing = 0;
		};
		901780F31E82626600D6E8A1 /* Resources */ = {
			isa = PBXResourcesBuildPhase;
			buildActionMask = 2147483647;
			files = (
				901781621E8276C600D6E8A1 /* CountCell.xib in Resources */,
			);
			runOnlyForDeploymentPostprocessing = 0;
		};
		901780FE1E82626600D6E8A1 /* Resources */ = {
			isa = PBXResourcesBuildPhase;
			buildActionMask = 2147483647;
			files = (
			);
			runOnlyForDeploymentPostprocessing = 0;
		};
/* End PBXResourcesBuildPhase section */

/* Begin PBXShellScriptBuildPhase section */
		2C7205D42EE1E95FC8F55654 /* [CP] Copy Pods Resources */ = {
			isa = PBXShellScriptBuildPhase;
			buildActionMask = 2147483647;
			files = (
			);
			inputPaths = (
			);
			name = "[CP] Copy Pods Resources";
			outputPaths = (
			);
			runOnlyForDeploymentPostprocessing = 0;
			shellPath = /bin/sh;
			shellScript = "\"${SRCROOT}/Pods/Target Support Files/Pods-CXProject/Pods-CXProject-resources.sh\"\n";
			showEnvVarsInLog = 0;
		};
		57CD0DD575E51E8FE62CCE58 /* [CP] Check Pods Manifest.lock */ = {
			isa = PBXShellScriptBuildPhase;
			buildActionMask = 2147483647;
			files = (
			);
			inputPaths = (
			);
			name = "[CP] Check Pods Manifest.lock";
			outputPaths = (
			);
			runOnlyForDeploymentPostprocessing = 0;
			shellPath = /bin/sh;
			shellScript = "diff \"${PODS_ROOT}/../Podfile.lock\" \"${PODS_ROOT}/Manifest.lock\" > /dev/null\nif [ $? != 0 ] ; then\n    # print error to STDERR\n    echo \"error: The sandbox is not in sync with the Podfile.lock. Run 'pod install' or update your CocoaPods installation.\" >&2\n    exit 1\nfi\n";
			showEnvVarsInLog = 0;
		};
		F7D72427B40A56DBFEE2AC6B /* [CP] Embed Pods Frameworks */ = {
			isa = PBXShellScriptBuildPhase;
			buildActionMask = 2147483647;
			files = (
			);
			inputPaths = (
			);
			name = "[CP] Embed Pods Frameworks";
			outputPaths = (
			);
			runOnlyForDeploymentPostprocessing = 0;
			shellPath = /bin/sh;
			shellScript = "\"${SRCROOT}/Pods/Target Support Files/Pods-CXProject/Pods-CXProject-frameworks.sh\"\n";
			showEnvVarsInLog = 0;
		};
/* End PBXShellScriptBuildPhase section */

/* Begin PBXSourcesBuildPhase section */
		901780D51E82626600D6E8A1 /* Sources */ = {
			isa = PBXSourcesBuildPhase;
			buildActionMask = 2147483647;
			files = (
				90CB98781E8F7F55000FB2BC /* NSObject+YYModel.m in Sources */,
				9028C9431EA4BFE0003DA545 /* MeasureResult+Addtion.m in Sources */,
				908C824F1E9B73B90086EDCD /* DetailMeasureViewController.m in Sources */,
				9043401A1E8A019C00D33ED9 /* User.m in Sources */,
				90CB98761E8F7F55000FB2BC /* LSDrawView.m in Sources */,
				9028C9491EA75064003DA545 /* CountUtil.c in Sources */,
				908BFE421E96269600937372 /* UIMyDatePicker.m in Sources */,
				901780EA1E82626600D6E8A1 /* CXProject.xcdatamodeld in Sources */,
				908D03771E835EB600F0C0C1 /* BaseViewController.m in Sources */,
				908BFE3A1E96054E00937372 /* MHKeyboardObjects.m in Sources */,
				908C823F1E9B31720086EDCD /* InputCell4.m in Sources */,
				9016C7B01E8C948A00B19056 /* TabBarController.m in Sources */,
				90CB98921E8F9CA4000FB2BC /* PhotoViewController.m in Sources */,
				9016C7981E8A53D600B19056 /* GCDAsyncSocket.m in Sources */,
				9016C7961E8A53D600B19056 /* NetworkManager.m in Sources */,
				90CB98681E8F7204000FB2BC /* PhotoEditorViewController.m in Sources */,
				901780E11E82626600D6E8A1 /* AppDelegate.m in Sources */,
				901780DE1E82626600D6E8A1 /* main.m in Sources */,
				908C826D1EA0A5080086EDCD /* Event.m in Sources */,
				9016C7951E8A53D600B19056 /* NetworkAPI.m in Sources */,
				908BFE391E96054E00937372 /* MHKeyboard.m in Sources */,
				901781581E8275FD00D6E8A1 /* MainViewController.m in Sources */,
				901781401E8275C700D6E8A1 /* CountViewController.m in Sources */,
				9017814B1E8275E000D6E8A1 /* MineViewController.m in Sources */,
				9028C9391EA4B8CB003DA545 /* CXDataBaseUtil.m in Sources */,
				908BFE371E96054E00937372 /* MHKeyboard+AccessObject.m in Sources */,
				90CB98A21E8FA18C000FB2BC /* Project.m in Sources */,
				908D037B1E83987300F0C0C1 /* TopBarView.m in Sources */,
				908BFE2A1E95E9AB00937372 /* InputCell.m in Sources */,
				908C826B1EA0A5080086EDCD /* Data.m in Sources */,
				9016C79A1E8A53D600B19056 /* SRWebSocket.m in Sources */,
				90CB98971E8F9CA4000FB2BC /* ProjecListtViewController.m in Sources */,
				908BFE461E97264600937372 /* InputCell2.m in Sources */,
				90D4DF501E83C54A000A1918 /* DataModel.m in Sources */,
				908BFE261E95E2DC00937372 /* NewProjectViewController.m in Sources */,
				908C82631E9F0CAB0086EDCD /* InputView.m in Sources */,
				9028C9401EA4BF47003DA545 /* MeasureResult.m in Sources */,
				9017815F1E8276C600D6E8A1 /* CountCell.m in Sources */,
				90D4DF531E83C839000A1918 /* ResultViewController.m in Sources */,
				908C82471E9B4DEE0086EDCD /* MeasureViewController.m in Sources */,
				908C826C1EA0A5080086EDCD /* DataProvider.m in Sources */,
				908BFE381E96054E00937372 /* MHKeyboard+Animation.m in Sources */,
				90CB98791E8F7F55000FB2BC /* YYClassInfo.m in Sources */,
				90CB989B1E8F9D61000FB2BC /* AddProjectCell.m in Sources */,
				908C82541E9B784E0086EDCD /* LabelCell.m in Sources */,
				9016C7991E8A53D600B19056 /* GCDAsyncUdpSocket.m in Sources */,
				90CB98771E8F7F55000FB2BC /* LJBaseModel.m in Sources */,
				9028C94C1EA750B4003DA545 /* BridgeUtil.m in Sources */,
				908C823A1E9B28060086EDCD /* ProjectViewController.m in Sources */,
				9016C7971E8A53D600B19056 /* Reachability.m in Sources */,
				9016C7AD1E8C938C00B19056 /* BaseNavigationController.m in Sources */,
				904340151E89FAA400D33ED9 /* LoginViewController.m in Sources */,
				90CB98A61E8FA63D000FB2BC /* ProjectCell.m in Sources */,
				908BFE4B1E97265400937372 /* InputCell3.m in Sources */,
				908BFE3B1E96054E00937372 /* UIView+MHKeyboardFirstResponderNotify.m in Sources */,
			);
			runOnlyForDeploymentPostprocessing = 0;
		};
		901780F11E82626600D6E8A1 /* Sources */ = {
			isa = PBXSourcesBuildPhase;
			buildActionMask = 2147483647;
			files = (
				901780FA1E82626600D6E8A1 /* CXProjectTests.m in Sources */,
				901781591E8275FD00D6E8A1 /* MainViewController.m in Sources */,
				901781411E8275C700D6E8A1 /* CountViewController.m in Sources */,
				9017814C1E8275E000D6E8A1 /* MineViewController.m in Sources */,
				901781601E8276C600D6E8A1 /* CountCell.m in Sources */,
			);
			runOnlyForDeploymentPostprocessing = 0;
		};
		901780FC1E82626600D6E8A1 /* Sources */ = {
			isa = PBXSourcesBuildPhase;
			buildActionMask = 2147483647;
			files = (
				901781051E82626600D6E8A1 /* CXProjectUITests.m in Sources */,
			);
			runOnlyForDeploymentPostprocessing = 0;
		};
/* End PBXSourcesBuildPhase section */

/* Begin PBXTargetDependency section */
		901780F71E82626600D6E8A1 /* PBXTargetDependency */ = {
			isa = PBXTargetDependency;
			target = 901780D81E82626600D6E8A1 /* CXProject */;
			targetProxy = 901780F61E82626600D6E8A1 /* PBXContainerItemProxy */;
		};
		901781021E82626600D6E8A1 /* PBXTargetDependency */ = {
			isa = PBXTargetDependency;
			target = 901780D81E82626600D6E8A1 /* CXProject */;
			targetProxy = 901781011E82626600D6E8A1 /* PBXContainerItemProxy */;
		};
/* End PBXTargetDependency section */

/* Begin XCBuildConfiguration section */
		901781071E82626600D6E8A1 /* Debug */ = {
			isa = XCBuildConfiguration;
			buildSettings = {
				ALWAYS_SEARCH_USER_PATHS = NO;
				CLANG_ANALYZER_NONNULL = YES;
				CLANG_CXX_LANGUAGE_STANDARD = "gnu++0x";
				CLANG_CXX_LIBRARY = "libc++";
				CLANG_ENABLE_MODULES = YES;
				CLANG_ENABLE_OBJC_ARC = YES;
				CLANG_WARN_BOOL_CONVERSION = YES;
				CLANG_WARN_CONSTANT_CONVERSION = YES;
				CLANG_WARN_DIRECT_OBJC_ISA_USAGE = YES_ERROR;
				CLANG_WARN_DOCUMENTATION_COMMENTS = YES;
				CLANG_WARN_EMPTY_BODY = YES;
				CLANG_WARN_ENUM_CONVERSION = YES;
				CLANG_WARN_INFINITE_RECURSION = YES;
				CLANG_WARN_INT_CONVERSION = YES;
				CLANG_WARN_OBJC_ROOT_CLASS = YES_ERROR;
				CLANG_WARN_SUSPICIOUS_MOVE = YES;
				CLANG_WARN_UNREACHABLE_CODE = YES;
				CLANG_WARN__DUPLICATE_METHOD_MATCH = YES;
				"CODE_SIGN_IDENTITY[sdk=iphoneos*]" = "iPhone Developer";
				COPY_PHASE_STRIP = NO;
				DEBUG_INFORMATION_FORMAT = dwarf;
				ENABLE_STRICT_OBJC_MSGSEND = YES;
				ENABLE_TESTABILITY = YES;
				GCC_C_LANGUAGE_STANDARD = gnu99;
				GCC_DYNAMIC_NO_PIC = NO;
				GCC_NO_COMMON_BLOCKS = YES;
				GCC_OPTIMIZATION_LEVEL = 0;
				GCC_PREPROCESSOR_DEFINITIONS = (
					"DEBUG=1",
					"$(inherited)",
				);
				GCC_WARN_64_TO_32_BIT_CONVERSION = YES;
				GCC_WARN_ABOUT_RETURN_TYPE = YES_ERROR;
				GCC_WARN_UNDECLARED_SELECTOR = YES;
				GCC_WARN_UNINITIALIZED_AUTOS = YES_AGGRESSIVE;
				GCC_WARN_UNUSED_FUNCTION = YES;
				GCC_WARN_UNUSED_VARIABLE = YES;
				IPHONEOS_DEPLOYMENT_TARGET = 9.3;
				MTL_ENABLE_DEBUG_INFO = YES;
				ONLY_ACTIVE_ARCH = YES;
				SDKROOT = iphoneos;
				TARGETED_DEVICE_FAMILY = "1,2";
			};
			name = Debug;
		};
		901781081E82626600D6E8A1 /* Release */ = {
			isa = XCBuildConfiguration;
			buildSettings = {
				ALWAYS_SEARCH_USER_PATHS = NO;
				CLANG_ANALYZER_NONNULL = YES;
				CLANG_CXX_LANGUAGE_STANDARD = "gnu++0x";
				CLANG_CXX_LIBRARY = "libc++";
				CLANG_ENABLE_MODULES = YES;
				CLANG_ENABLE_OBJC_ARC = YES;
				CLANG_WARN_BOOL_CONVERSION = YES;
				CLANG_WARN_CONSTANT_CONVERSION = YES;
				CLANG_WARN_DIRECT_OBJC_ISA_USAGE = YES_ERROR;
				CLANG_WARN_DOCUMENTATION_COMMENTS = YES;
				CLANG_WARN_EMPTY_BODY = YES;
				CLANG_WARN_ENUM_CONVERSION = YES;
				CLANG_WARN_INFINITE_RECURSION = YES;
				CLANG_WARN_INT_CONVERSION = YES;
				CLANG_WARN_OBJC_ROOT_CLASS = YES_ERROR;
				CLANG_WARN_SUSPICIOUS_MOVE = YES;
				CLANG_WARN_UNREACHABLE_CODE = YES;
				CLANG_WARN__DUPLICATE_METHOD_MATCH = YES;
				"CODE_SIGN_IDENTITY[sdk=iphoneos*]" = "iPhone Developer";
				COPY_PHASE_STRIP = NO;
				DEBUG_INFORMATION_FORMAT = "dwarf-with-dsym";
				ENABLE_NS_ASSERTIONS = NO;
				ENABLE_STRICT_OBJC_MSGSEND = YES;
				GCC_C_LANGUAGE_STANDARD = gnu99;
				GCC_NO_COMMON_BLOCKS = YES;
				GCC_WARN_64_TO_32_BIT_CONVERSION = YES;
				GCC_WARN_ABOUT_RETURN_TYPE = YES_ERROR;
				GCC_WARN_UNDECLARED_SELECTOR = YES;
				GCC_WARN_UNINITIALIZED_AUTOS = YES_AGGRESSIVE;
				GCC_WARN_UNUSED_FUNCTION = YES;
				GCC_WARN_UNUSED_VARIABLE = YES;
				IPHONEOS_DEPLOYMENT_TARGET = 9.3;
				MTL_ENABLE_DEBUG_INFO = NO;
				SDKROOT = iphoneos;
				TARGETED_DEVICE_FAMILY = "1,2";
				VALIDATE_PRODUCT = YES;
			};
			name = Release;
		};
		9017810A1E82626600D6E8A1 /* Debug */ = {
			isa = XCBuildConfiguration;
			baseConfigurationReference = BF5CC928867F17D29D35F1D0 /* Pods-CXProject.debug.xcconfig */;
			buildSettings = {
				ASSETCATALOG_COMPILER_APPICON_NAME = AppIcon;
				DEVELOPMENT_TEAM = GBL46J7TV8;
				GCC_C_LANGUAGE_STANDARD = gnu99;
				GCC_PRECOMPILE_PREFIX_HEADER = YES;
				GCC_PREFIX_HEADER = "$(SRCROOT)/CXProject/PrefixHeader.pch";
				INFOPLIST_FILE = CXProject/Info.plist;
				IPHONEOS_DEPLOYMENT_TARGET = 10.3;
				LD_RUNPATH_SEARCH_PATHS = "$(inherited) @executable_path/Frameworks";
				PRODUCT_BUNDLE_IDENTIFIER = zcx.CXProject;
				PRODUCT_NAME = "$(TARGET_NAME)";
				USER_HEADER_SEARCH_PATHS = "${SRCROOT}/**";
			};
			name = Debug;
		};
		9017810B1E82626600D6E8A1 /* Release */ = {
			isa = XCBuildConfiguration;
			baseConfigurationReference = 18E32DCD72DC853A516D37CD /* Pods-CXProject.release.xcconfig */;
			buildSettings = {
				ASSETCATALOG_COMPILER_APPICON_NAME = AppIcon;
				DEVELOPMENT_TEAM = GBL46J7TV8;
				GCC_C_LANGUAGE_STANDARD = gnu99;
				GCC_PRECOMPILE_PREFIX_HEADER = YES;
				GCC_PREFIX_HEADER = "$(SRCROOT)/CXProject/PrefixHeader.pch";
				INFOPLIST_FILE = CXProject/Info.plist;
				IPHONEOS_DEPLOYMENT_TARGET = 10.3;
				LD_RUNPATH_SEARCH_PATHS = "$(inherited) @executable_path/Frameworks";
				PRODUCT_BUNDLE_IDENTIFIER = zcx.CXProject;
				PRODUCT_NAME = "$(TARGET_NAME)";
				USER_HEADER_SEARCH_PATHS = "${SRCROOT}/**";
			};
			name = Release;
		};
		9017810D1E82626600D6E8A1 /* Debug */ = {
			isa = XCBuildConfiguration;
			buildSettings = {
				BUNDLE_LOADER = "$(TEST_HOST)";
				DEVELOPMENT_TEAM = GBL46J7TV8;
				INFOPLIST_FILE = CXProjectTests/Info.plist;
				LD_RUNPATH_SEARCH_PATHS = "$(inherited) @executable_path/Frameworks @loader_path/Frameworks";
				PRODUCT_BUNDLE_IDENTIFIER = zcx.CXProjectTests;
				PRODUCT_NAME = "$(TARGET_NAME)";
				TEST_HOST = "$(BUILT_PRODUCTS_DIR)/CXProject.app/CXProject";
			};
			name = Debug;
		};
		9017810E1E82626600D6E8A1 /* Release */ = {
			isa = XCBuildConfiguration;
			buildSettings = {
				BUNDLE_LOADER = "$(TEST_HOST)";
				DEVELOPMENT_TEAM = GBL46J7TV8;
				INFOPLIST_FILE = CXProjectTests/Info.plist;
				LD_RUNPATH_SEARCH_PATHS = "$(inherited) @executable_path/Frameworks @loader_path/Frameworks";
				PRODUCT_BUNDLE_IDENTIFIER = zcx.CXProjectTests;
				PRODUCT_NAME = "$(TARGET_NAME)";
				TEST_HOST = "$(BUILT_PRODUCTS_DIR)/CXProject.app/CXProject";
			};
			name = Release;
		};
		901781101E82626600D6E8A1 /* Debug */ = {
			isa = XCBuildConfiguration;
			buildSettings = {
				DEVELOPMENT_TEAM = GBL46J7TV8;
				INFOPLIST_FILE = CXProjectUITests/Info.plist;
				LD_RUNPATH_SEARCH_PATHS = "$(inherited) @executable_path/Frameworks @loader_path/Frameworks";
				PRODUCT_BUNDLE_IDENTIFIER = zcx.CXProjectUITests;
				PRODUCT_NAME = "$(TARGET_NAME)";
				TEST_TARGET_NAME = CXProject;
			};
			name = Debug;
		};
		901781111E82626600D6E8A1 /* Release */ = {
			isa = XCBuildConfiguration;
			buildSettings = {
				DEVELOPMENT_TEAM = GBL46J7TV8;
				INFOPLIST_FILE = CXProjectUITests/Info.plist;
				LD_RUNPATH_SEARCH_PATHS = "$(inherited) @executable_path/Frameworks @loader_path/Frameworks";
				PRODUCT_BUNDLE_IDENTIFIER = zcx.CXProjectUITests;
				PRODUCT_NAME = "$(TARGET_NAME)";
				TEST_TARGET_NAME = CXProject;
			};
			name = Release;
		};
/* End XCBuildConfiguration section */

/* Begin XCConfigurationList section */
		901780D41E82626600D6E8A1 /* Build configuration list for PBXProject "CXProject" */ = {
			isa = XCConfigurationList;
			buildConfigurations = (
				901781071E82626600D6E8A1 /* Debug */,
				901781081E82626600D6E8A1 /* Release */,
			);
			defaultConfigurationIsVisible = 0;
			defaultConfigurationName = Release;
		};
		901781091E82626600D6E8A1 /* Build configuration list for PBXNativeTarget "CXProject" */ = {
			isa = XCConfigurationList;
			buildConfigurations = (
				9017810A1E82626600D6E8A1 /* Debug */,
				9017810B1E82626600D6E8A1 /* Release */,
			);
			defaultConfigurationIsVisible = 0;
			defaultConfigurationName = Release;
		};
		9017810C1E82626600D6E8A1 /* Build configuration list for PBXNativeTarget "CXProjectTests" */ = {
			isa = XCConfigurationList;
			buildConfigurations = (
				9017810D1E82626600D6E8A1 /* Debug */,
				9017810E1E82626600D6E8A1 /* Release */,
			);
			defaultConfigurationIsVisible = 0;
			defaultConfigurationName = Release;
		};
		9017810F1E82626600D6E8A1 /* Build configuration list for PBXNativeTarget "CXProjectUITests" */ = {
			isa = XCConfigurationList;
			buildConfigurations = (
				901781101E82626600D6E8A1 /* Debug */,
				901781111E82626600D6E8A1 /* Release */,
			);
			defaultConfigurationIsVisible = 0;
			defaultConfigurationName = Release;
		};
/* End XCConfigurationList section */

/* Begin XCVersionGroup section */
		901780E81E82626600D6E8A1 /* CXProject.xcdatamodeld */ = {
			isa = XCVersionGroup;
			children = (
				901780E91E82626600D6E8A1 /* CXProject.xcdatamodel */,
			);
			currentVersion = 901780E91E82626600D6E8A1 /* CXProject.xcdatamodel */;
			path = CXProject.xcdatamodeld;
			sourceTree = "<group>";
			versionGroupType = wrapper.xcdatamodel;
		};
/* End XCVersionGroup section */
	};
	rootObject = 901780D11E82626600D6E8A1 /* Project object */;
}
